
Microsoft Visual Studio Solution File, Format Version 12.00
# Visual Studio Version 17
VisualStudioVersion = 17.8.34309.116
MinimumVisualStudioVersion = 10.0.40219.1
Project("{2150E333-8FDC-42A3-9474-1A3956D46DE8}") = "Src", "Src", "{83FA9F62-FB45-4429-91DB-43CA845DD672}"
EndProject
Project("{2150E333-8FDC-42A3-9474-1A3956D46DE8}") = "Tests", "Tests", "{DB118F10-54AE-4C5E-84D4-C0B894A31561}"
EndProject
Project("{9A19103F-16F7-4668-BE54-9A1E7A4F7556}") = "ArchiWorkshop.Domains", "Src\ArchiWorkshop.Domains\ArchiWorkshop.Domains.csproj", "{F61A4643-E2F6-45D5-AE65-FE0256CCC7CA}"
EndProject
Project("{9A19103F-16F7-4668-BE54-9A1E7A4F7556}") = "ArchiWorkshop.Tests.Unit", "Tests\ArchiWorkshop.Tests.Unit\ArchiWorkshop.Tests.Unit.csproj", "{B6CD4C6F-857B-4492-8782-E3CC57085F8D}"
EndProject
Project("{2150E333-8FDC-42A3-9474-1A3956D46DE8}") = "Docs", "Docs", "{DDB204DE-4901-4A1F-B132-A89F4C0A58A7}"
	ProjectSection(SolutionItems) = preProject
		Docs\CodeCoverage.md = Docs\CodeCoverage.md
		Docs\NuGetPackages.md = Docs\NuGetPackages.md
		Docs\PowerShell.md = Docs\PowerShell.md
		Docs\Result.md = Docs\Result.md
		Docs\TODO.md = Docs\TODO.md
	EndProjectSection
EndProject
Project("{9A19103F-16F7-4668-BE54-9A1E7A4F7556}") = "ArchiWorkshop.Tests.Integration", "Tests\ArchiWorkshop.Tests.Integration\ArchiWorkshop.Tests.Integration.csproj", "{F7E1439D-BCF8-4ED0-8815-577BC35ED2CD}"
EndProject
Project("{9A19103F-16F7-4668-BE54-9A1E7A4F7556}") = "ArchiWorkshop.Applications", "Src\ArchiWorkshop.Applications\ArchiWorkshop.Applications.csproj", "{8D7D1D0E-400C-44E3-90F3-B4C4E9C9186B}"
EndProject
Project("{9A19103F-16F7-4668-BE54-9A1E7A4F7556}") = "ArchiWorkshop", "Src\ArchiWorkshop\ArchiWorkshop.csproj", "{0EBAE4B3-E894-4086-B9B6-E698B3C26226}"
EndProject
Project("{9A19103F-16F7-4668-BE54-9A1E7A4F7556}") = "ArchiWorkshop.Adapters.Infrastructure", "Src\ArchiWorkshop.Adapters.Infrastructure\ArchiWorkshop.Adapters.Infrastructure.csproj", "{31AC56E9-0182-4E02-923C-DEAE1D414B3A}"
EndProject
Project("{FAE04EC0-301F-11D3-BF4B-00C04F79EFBC}") = "ArchiWorkshop.Adapters.Persistence", "Src\ArchiWorkshop.Adapters.Persistence\ArchiWorkshop.Adapters.Persistence.csproj", "{BF24E899-1D96-4412-9258-F5897225B668}"
EndProject
Project("{FAE04EC0-301F-11D3-BF4B-00C04F79EFBC}") = "ArchiWorkshop.Adapters.Presentation", "Src\ArchiWorkshop.Adapters.Presentation\ArchiWorkshop.Adapters.Presentation.csproj", "{BFC1ACA5-C9E8-406F-A8BD-B75D09FBFF80}"
EndProject
Global
	GlobalSection(SolutionConfigurationPlatforms) = preSolution
		Debug|Any CPU = Debug|Any CPU
		Release|Any CPU = Release|Any CPU
	EndGlobalSection
	GlobalSection(ProjectConfigurationPlatforms) = postSolution
		{F61A4643-E2F6-45D5-AE65-FE0256CCC7CA}.Debug|Any CPU.ActiveCfg = Debug|Any CPU
		{F61A4643-E2F6-45D5-AE65-FE0256CCC7CA}.Debug|Any CPU.Build.0 = Debug|Any CPU
		{F61A4643-E2F6-45D5-AE65-FE0256CCC7CA}.Release|Any CPU.ActiveCfg = Release|Any CPU
		{F61A4643-E2F6-45D5-AE65-FE0256CCC7CA}.Release|Any CPU.Build.0 = Release|Any CPU
		{B6CD4C6F-857B-4492-8782-E3CC57085F8D}.Debug|Any CPU.ActiveCfg = Debug|Any CPU
		{B6CD4C6F-857B-4492-8782-E3CC57085F8D}.Debug|Any CPU.Build.0 = Debug|Any CPU
		{B6CD4C6F-857B-4492-8782-E3CC57085F8D}.Release|Any CPU.ActiveCfg = Release|Any CPU
		{B6CD4C6F-857B-4492-8782-E3CC57085F8D}.Release|Any CPU.Build.0 = Release|Any CPU
		{F7E1439D-BCF8-4ED0-8815-577BC35ED2CD}.Debug|Any CPU.ActiveCfg = Debug|Any CPU
		{F7E1439D-BCF8-4ED0-8815-577BC35ED2CD}.Debug|Any CPU.Build.0 = Debug|Any CPU
		{F7E1439D-BCF8-4ED0-8815-577BC35ED2CD}.Release|Any CPU.ActiveCfg = Release|Any CPU
		{F7E1439D-BCF8-4ED0-8815-577BC35ED2CD}.Release|Any CPU.Build.0 = Release|Any CPU
		{8D7D1D0E-400C-44E3-90F3-B4C4E9C9186B}.Debug|Any CPU.ActiveCfg = Debug|Any CPU
		{8D7D1D0E-400C-44E3-90F3-B4C4E9C9186B}.Debug|Any CPU.Build.0 = Debug|Any CPU
		{8D7D1D0E-400C-44E3-90F3-B4C4E9C9186B}.Release|Any CPU.ActiveCfg = Release|Any CPU
		{8D7D1D0E-400C-44E3-90F3-B4C4E9C9186B}.Release|Any CPU.Build.0 = Release|Any CPU
		{0EBAE4B3-E894-4086-B9B6-E698B3C26226}.Debug|Any CPU.ActiveCfg = Debug|Any CPU
		{0EBAE4B3-E894-4086-B9B6-E698B3C26226}.Debug|Any CPU.Build.0 = Debug|Any CPU
		{0EBAE4B3-E894-4086-B9B6-E698B3C26226}.Release|Any CPU.ActiveCfg = Release|Any CPU
		{0EBAE4B3-E894-4086-B9B6-E698B3C26226}.Release|Any CPU.Build.0 = Release|Any CPU
		{31AC56E9-0182-4E02-923C-DEAE1D414B3A}.Debug|Any CPU.ActiveCfg = Debug|Any CPU
		{31AC56E9-0182-4E02-923C-DEAE1D414B3A}.Debug|Any CPU.Build.0 = Debug|Any CPU
		{31AC56E9-0182-4E02-923C-DEAE1D414B3A}.Release|Any CPU.ActiveCfg = Release|Any CPU
		{31AC56E9-0182-4E02-923C-DEAE1D414B3A}.Release|Any CPU.Build.0 = Release|Any CPU
		{BF24E899-1D96-4412-9258-F5897225B668}.Debug|Any CPU.ActiveCfg = Debug|Any CPU
		{BF24E899-1D96-4412-9258-F5897225B668}.Debug|Any CPU.Build.0 = Debug|Any CPU
		{BF24E899-1D96-4412-9258-F5897225B668}.Release|Any CPU.ActiveCfg = Release|Any CPU
		{BF24E899-1D96-4412-9258-F5897225B668}.Release|Any CPU.Build.0 = Release|Any CPU
		{BFC1ACA5-C9E8-406F-A8BD-B75D09FBFF80}.Debug|Any CPU.ActiveCfg = Debug|Any CPU
		{BFC1ACA5-C9E8-406F-A8BD-B75D09FBFF80}.Debug|Any CPU.Build.0 = Debug|Any CPU
		{BFC1ACA5-C9E8-406F-A8BD-B75D09FBFF80}.Release|Any CPU.ActiveCfg = Release|Any CPU
		{BFC1ACA5-C9E8-406F-A8BD-B75D09FBFF80}.Release|Any CPU.Build.0 = Release|Any CPU
	EndGlobalSection
	GlobalSection(SolutionProperties) = preSolution
		HideSolutionNode = FALSE
	EndGlobalSection
	GlobalSection(NestedProjects) = preSolution
		{F61A4643-E2F6-45D5-AE65-FE0256CCC7CA} = {83FA9F62-FB45-4429-91DB-43CA845DD672}
		{B6CD4C6F-857B-4492-8782-E3CC57085F8D} = {DB118F10-54AE-4C5E-84D4-C0B894A31561}
		{F7E1439D-BCF8-4ED0-8815-577BC35ED2CD} = {DB118F10-54AE-4C5E-84D4-C0B894A31561}
		{8D7D1D0E-400C-44E3-90F3-B4C4E9C9186B} = {83FA9F62-FB45-4429-91DB-43CA845DD672}
		{0EBAE4B3-E894-4086-B9B6-E698B3C26226} = {83FA9F62-FB45-4429-91DB-43CA845DD672}
		{31AC56E9-0182-4E02-923C-DEAE1D414B3A} = {83FA9F62-FB45-4429-91DB-43CA845DD672}
		{BF24E899-1D96-4412-9258-F5897225B668} = {83FA9F62-FB45-4429-91DB-43CA845DD672}
		{BFC1ACA5-C9E8-406F-A8BD-B75D09FBFF80} = {83FA9F62-FB45-4429-91DB-43CA845DD672}
	EndGlobalSection
	GlobalSection(ExtensibilityGlobals) = postSolution
		SolutionGuid = {2E7B95D6-EAD5-457B-A071-4F7F76A28C31}
	EndGlobalSection
EndGlobal
